<?xml version="1.0" encoding="utf-8"?>
<Project ToolsVersion="17.0" xmlns="http://schemas.microsoft.com/developer/msbuild/2003">
  <ItemGroup>
    <ClCompile Include="C:\Users\etreh\Documents\Programming\Otus\C++_Developer_2023_06\Basic\lesson_10\otus_cpp_basic_hw4\source\main.cpp">
      <Filter>Source Files</Filter>
    </ClCompile>
    <ClCompile Include="C:\Users\etreh\Documents\Programming\Otus\C++_Developer_2023_06\Basic\lesson_10\otus_cpp_basic_hw4\source\World.cpp">
      <Filter>Source Files</Filter>
    </ClCompile>
    <ClCompile Include="C:\Users\etreh\Documents\Programming\Otus\C++_Developer_2023_06\Basic\lesson_10\otus_cpp_basic_hw4\source\Ball.cpp">
      <Filter>Source Files</Filter>
    </ClCompile>
    <ClCompile Include="C:\Users\etreh\Documents\Programming\Otus\C++_Developer_2023_06\Basic\lesson_10\otus_cpp_basic_hw4\source\Physics.cpp">
      <Filter>Source Files</Filter>
    </ClCompile>
    <ClCompile Include="C:\Users\etreh\Documents\Programming\Otus\C++_Developer_2023_06\Basic\lesson_10\otus_cpp_basic_hw4\source\Color.cpp">
      <Filter>Source Files</Filter>
    </ClCompile>
    <ClCompile Include="C:\Users\etreh\Documents\Programming\Otus\C++_Developer_2023_06\Basic\lesson_10\otus_cpp_basic_hw4\source\Painter.cpp">
      <Filter>Source Files</Filter>
    </ClCompile>
    <ClCompile Include="C:\Users\etreh\Documents\Programming\Otus\C++_Developer_2023_06\Basic\lesson_10\otus_cpp_basic_hw4\source\Dust.cpp">
      <Filter>Source Files</Filter>
    </ClCompile>
    <ClCompile Include="C:\Users\etreh\Documents\Programming\Otus\C++_Developer_2023_06\Basic\lesson_10\otus_cpp_basic_hw4\source\black_box\Application.cpp">
      <Filter>Source Files</Filter>
    </ClCompile>
    <ClCompile Include="C:\Users\etreh\Documents\Programming\Otus\C++_Developer_2023_06\Basic\lesson_10\otus_cpp_basic_hw4\source\black_box\View.cpp">
      <Filter>Source Files</Filter>
    </ClCompile>
    <ClCompile Include="C:\Users\etreh\Documents\Programming\Otus\C++_Developer_2023_06\Basic\lesson_10\otus_cpp_basic_hw4\source\black_box\PainterImpl.cpp">
      <Filter>Source Files</Filter>
    </ClCompile>
  </ItemGroup>
  <ItemGroup>
    <CustomBuild Include="C:\Users\etreh\Documents\Programming\Otus\C++_Developer_2023_06\Basic\lesson_10\otus_cpp_basic_hw4\source\CMakeLists.txt" />
  </ItemGroup>
  <ItemGroup>
    <Filter Include="Source Files">
      <UniqueIdentifier>{098A896C-C501-3F84-88C9-8AE5AC6CFF4A}</UniqueIdentifier>
    </Filter>
  </ItemGroup>
</Project>
